
Microsoft Visual Studio Solution File, Format Version 12.00
# Visual Studio 15
VisualStudioVersion = 15.0.27130.2020
MinimumVisualStudioVersion = 10.0.40219.1
Project("{FAE04EC0-301F-11D3-BF4B-00C04F79EFBC}") = "mdoc", "mdoc\mdoc.csproj", "{7DA7CD97-614F-4BCD-A2FA-B379590CEA48}"
EndProject
Project("{FAE04EC0-301F-11D3-BF4B-00C04F79EFBC}") = "monodoc", "monodoc\monodoc.csproj", "{6E644802-B579-4037-9809-9CF4C7172C9D}"
EndProject
Project("{FAE04EC0-301F-11D3-BF4B-00C04F79EFBC}") = "Monodoc.Test", "monodoc\Test\Monodoc.Test.csproj", "{1EE70E2C-A289-4C36-AD0A-3D0C6CE56615}"
EndProject
Project("{FAE04EC0-301F-11D3-BF4B-00C04F79EFBC}") = "ICSharpCode.SharpZipLib", "external\SharpZipLib\ICSharpCode.SharpZipLib.NET45\ICSharpCode.SharpZipLib.csproj", "{0E7413FF-EB9E-4714-ACF2-BE3A6A7B2FFD}"
EndProject
Project("{FAE04EC0-301F-11D3-BF4B-00C04F79EFBC}") = "mdoc.Test", "mdoc\mdoc.Test\mdoc.Test.csproj", "{5ADDEFB6-930C-46BC-8B2B-FDE5C7E3B5AD}"
EndProject
Project("{F2A71F9B-5D33-465A-A702-920D77279786}") = "mdoc.Test.FSharp", "mdoc\mdoc.Test\mdoc.Test.FSharp\mdoc.Test.FSharp.fsproj", "{979F9F80-12FE-4236-9E93-6D554AB13701}"
EndProject
Global
	GlobalSection(SolutionConfigurationPlatforms) = preSolution
		Debug|Any CPU = Debug|Any CPU
		Debug|ARM = Debug|ARM
		Debug|x64 = Debug|x64
		Debug|x86 = Debug|x86
		Release|Any CPU = Release|Any CPU
		Release|ARM = Release|ARM
		Release|x64 = Release|x64
		Release|x86 = Release|x86
	EndGlobalSection
	GlobalSection(ProjectConfigurationPlatforms) = postSolution
		{7DA7CD97-614F-4BCD-A2FA-B379590CEA48}.Debug|Any CPU.ActiveCfg = Debug|Any CPU
		{7DA7CD97-614F-4BCD-A2FA-B379590CEA48}.Debug|Any CPU.Build.0 = Debug|Any CPU
		{7DA7CD97-614F-4BCD-A2FA-B379590CEA48}.Debug|ARM.ActiveCfg = Debug|Any CPU
		{7DA7CD97-614F-4BCD-A2FA-B379590CEA48}.Debug|ARM.Build.0 = Debug|Any CPU
		{7DA7CD97-614F-4BCD-A2FA-B379590CEA48}.Debug|x64.ActiveCfg = Debug|Any CPU
		{7DA7CD97-614F-4BCD-A2FA-B379590CEA48}.Debug|x64.Build.0 = Debug|Any CPU
		{7DA7CD97-614F-4BCD-A2FA-B379590CEA48}.Debug|x86.ActiveCfg = Debug|Any CPU
		{7DA7CD97-614F-4BCD-A2FA-B379590CEA48}.Debug|x86.Build.0 = Debug|Any CPU
		{7DA7CD97-614F-4BCD-A2FA-B379590CEA48}.Release|Any CPU.ActiveCfg = Release|Any CPU
		{7DA7CD97-614F-4BCD-A2FA-B379590CEA48}.Release|Any CPU.Build.0 = Release|Any CPU
		{7DA7CD97-614F-4BCD-A2FA-B379590CEA48}.Release|ARM.ActiveCfg = Release|Any CPU
		{7DA7CD97-614F-4BCD-A2FA-B379590CEA48}.Release|ARM.Build.0 = Release|Any CPU
		{7DA7CD97-614F-4BCD-A2FA-B379590CEA48}.Release|x64.ActiveCfg = Release|Any CPU
		{7DA7CD97-614F-4BCD-A2FA-B379590CEA48}.Release|x64.Build.0 = Release|Any CPU
		{7DA7CD97-614F-4BCD-A2FA-B379590CEA48}.Release|x86.ActiveCfg = Release|Any CPU
		{7DA7CD97-614F-4BCD-A2FA-B379590CEA48}.Release|x86.Build.0 = Release|Any CPU
		{6E644802-B579-4037-9809-9CF4C7172C9D}.Debug|Any CPU.ActiveCfg = Debug|Any CPU
		{6E644802-B579-4037-9809-9CF4C7172C9D}.Debug|Any CPU.Build.0 = Debug|Any CPU
		{6E644802-B579-4037-9809-9CF4C7172C9D}.Debug|ARM.ActiveCfg = Debug|Any CPU
		{6E644802-B579-4037-9809-9CF4C7172C9D}.Debug|ARM.Build.0 = Debug|Any CPU
		{6E644802-B579-4037-9809-9CF4C7172C9D}.Debug|x64.ActiveCfg = Debug|Any CPU
		{6E644802-B579-4037-9809-9CF4C7172C9D}.Debug|x64.Build.0 = Debug|Any CPU
		{6E644802-B579-4037-9809-9CF4C7172C9D}.Debug|x86.ActiveCfg = Debug|Any CPU
		{6E644802-B579-4037-9809-9CF4C7172C9D}.Debug|x86.Build.0 = Debug|Any CPU
		{6E644802-B579-4037-9809-9CF4C7172C9D}.Release|Any CPU.ActiveCfg = Release|Any CPU
		{6E644802-B579-4037-9809-9CF4C7172C9D}.Release|Any CPU.Build.0 = Release|Any CPU
		{6E644802-B579-4037-9809-9CF4C7172C9D}.Release|ARM.ActiveCfg = Release|Any CPU
		{6E644802-B579-4037-9809-9CF4C7172C9D}.Release|ARM.Build.0 = Release|Any CPU
		{6E644802-B579-4037-9809-9CF4C7172C9D}.Release|x64.ActiveCfg = Release|Any CPU
		{6E644802-B579-4037-9809-9CF4C7172C9D}.Release|x64.Build.0 = Release|Any CPU
		{6E644802-B579-4037-9809-9CF4C7172C9D}.Release|x86.ActiveCfg = Release|Any CPU
		{6E644802-B579-4037-9809-9CF4C7172C9D}.Release|x86.Build.0 = Release|Any CPU
		{1EE70E2C-A289-4C36-AD0A-3D0C6CE56615}.Debug|Any CPU.ActiveCfg = Debug|Any CPU
		{1EE70E2C-A289-4C36-AD0A-3D0C6CE56615}.Debug|Any CPU.Build.0 = Debug|Any CPU
		{1EE70E2C-A289-4C36-AD0A-3D0C6CE56615}.Debug|ARM.ActiveCfg = Debug|Any CPU
		{1EE70E2C-A289-4C36-AD0A-3D0C6CE56615}.Debug|ARM.Build.0 = Debug|Any CPU
		{1EE70E2C-A289-4C36-AD0A-3D0C6CE56615}.Debug|x64.ActiveCfg = Debug|Any CPU
		{1EE70E2C-A289-4C36-AD0A-3D0C6CE56615}.Debug|x64.Build.0 = Debug|Any CPU
		{1EE70E2C-A289-4C36-AD0A-3D0C6CE56615}.Debug|x86.ActiveCfg = Debug|Any CPU
		{1EE70E2C-A289-4C36-AD0A-3D0C6CE56615}.Debug|x86.Build.0 = Debug|Any CPU
		{1EE70E2C-A289-4C36-AD0A-3D0C6CE56615}.Release|Any CPU.ActiveCfg = Release|Any CPU
		{1EE70E2C-A289-4C36-AD0A-3D0C6CE56615}.Release|Any CPU.Build.0 = Release|Any CPU
		{1EE70E2C-A289-4C36-AD0A-3D0C6CE56615}.Release|ARM.ActiveCfg = Release|Any CPU
		{1EE70E2C-A289-4C36-AD0A-3D0C6CE56615}.Release|ARM.Build.0 = Release|Any CPU
		{1EE70E2C-A289-4C36-AD0A-3D0C6CE56615}.Release|x64.ActiveCfg = Release|Any CPU
		{1EE70E2C-A289-4C36-AD0A-3D0C6CE56615}.Release|x64.Build.0 = Release|Any CPU
		{1EE70E2C-A289-4C36-AD0A-3D0C6CE56615}.Release|x86.ActiveCfg = Release|Any CPU
		{1EE70E2C-A289-4C36-AD0A-3D0C6CE56615}.Release|x86.Build.0 = Release|Any CPU
		{0E7413FF-EB9E-4714-ACF2-BE3A6A7B2FFD}.Debug|Any CPU.ActiveCfg = Debug|Any CPU
		{0E7413FF-EB9E-4714-ACF2-BE3A6A7B2FFD}.Debug|Any CPU.Build.0 = Debug|Any CPU
		{0E7413FF-EB9E-4714-ACF2-BE3A6A7B2FFD}.Debug|ARM.ActiveCfg = Debug|Any CPU
		{0E7413FF-EB9E-4714-ACF2-BE3A6A7B2FFD}.Debug|ARM.Build.0 = Debug|Any CPU
		{0E7413FF-EB9E-4714-ACF2-BE3A6A7B2FFD}.Debug|x64.ActiveCfg = Debug|Any CPU
		{0E7413FF-EB9E-4714-ACF2-BE3A6A7B2FFD}.Debug|x64.Build.0 = Debug|Any CPU
		{0E7413FF-EB9E-4714-ACF2-BE3A6A7B2FFD}.Debug|x86.ActiveCfg = Debug|Any CPU
		{0E7413FF-EB9E-4714-ACF2-BE3A6A7B2FFD}.Debug|x86.Build.0 = Debug|Any CPU
		{0E7413FF-EB9E-4714-ACF2-BE3A6A7B2FFD}.Release|Any CPU.ActiveCfg = Release|Any CPU
		{0E7413FF-EB9E-4714-ACF2-BE3A6A7B2FFD}.Release|Any CPU.Build.0 = Release|Any CPU
		{0E7413FF-EB9E-4714-ACF2-BE3A6A7B2FFD}.Release|ARM.ActiveCfg = Release|Any CPU
		{0E7413FF-EB9E-4714-ACF2-BE3A6A7B2FFD}.Release|ARM.Build.0 = Release|Any CPU
		{0E7413FF-EB9E-4714-ACF2-BE3A6A7B2FFD}.Release|x64.ActiveCfg = Release|Any CPU
		{0E7413FF-EB9E-4714-ACF2-BE3A6A7B2FFD}.Release|x64.Build.0 = Release|Any CPU
		{0E7413FF-EB9E-4714-ACF2-BE3A6A7B2FFD}.Release|x86.ActiveCfg = Release|Any CPU
		{0E7413FF-EB9E-4714-ACF2-BE3A6A7B2FFD}.Release|x86.Build.0 = Release|Any CPU
		{5ADDEFB6-930C-46BC-8B2B-FDE5C7E3B5AD}.Debug|Any CPU.ActiveCfg = Debug|Any CPU
		{5ADDEFB6-930C-46BC-8B2B-FDE5C7E3B5AD}.Debug|Any CPU.Build.0 = Debug|Any CPU
		{5ADDEFB6-930C-46BC-8B2B-FDE5C7E3B5AD}.Debug|ARM.ActiveCfg = Debug|Any CPU
		{5ADDEFB6-930C-46BC-8B2B-FDE5C7E3B5AD}.Debug|ARM.Build.0 = Debug|Any CPU
		{5ADDEFB6-930C-46BC-8B2B-FDE5C7E3B5AD}.Debug|x64.ActiveCfg = Debug|Any CPU
		{5ADDEFB6-930C-46BC-8B2B-FDE5C7E3B5AD}.Debug|x64.Build.0 = Debug|Any CPU
		{5ADDEFB6-930C-46BC-8B2B-FDE5C7E3B5AD}.Debug|x86.ActiveCfg = Debug|Any CPU
		{5ADDEFB6-930C-46BC-8B2B-FDE5C7E3B5AD}.Debug|x86.Build.0 = Debug|Any CPU
		{5ADDEFB6-930C-46BC-8B2B-FDE5C7E3B5AD}.Release|Any CPU.ActiveCfg = Release|Any CPU
		{5ADDEFB6-930C-46BC-8B2B-FDE5C7E3B5AD}.Release|Any CPU.Build.0 = Release|Any CPU
		{5ADDEFB6-930C-46BC-8B2B-FDE5C7E3B5AD}.Release|ARM.ActiveCfg = Release|Any CPU
		{5ADDEFB6-930C-46BC-8B2B-FDE5C7E3B5AD}.Release|ARM.Build.0 = Release|Any CPU
		{5ADDEFB6-930C-46BC-8B2B-FDE5C7E3B5AD}.Release|x64.ActiveCfg = Release|Any CPU
		{5ADDEFB6-930C-46BC-8B2B-FDE5C7E3B5AD}.Release|x64.Build.0 = Release|Any CPU
		{5ADDEFB6-930C-46BC-8B2B-FDE5C7E3B5AD}.Release|x86.ActiveCfg = Release|Any CPU
		{5ADDEFB6-930C-46BC-8B2B-FDE5C7E3B5AD}.Release|x86.Build.0 = Release|Any CPU
		{979F9F80-12FE-4236-9E93-6D554AB13701}.Debug|Any CPU.ActiveCfg = Debug|Any CPU
		{979F9F80-12FE-4236-9E93-6D554AB13701}.Debug|Any CPU.Build.0 = Debug|Any CPU
		{979F9F80-12FE-4236-9E93-6D554AB13701}.Debug|ARM.ActiveCfg = Debug|Any CPU
		{979F9F80-12FE-4236-9E93-6D554AB13701}.Debug|ARM.Build.0 = Debug|Any CPU
		{979F9F80-12FE-4236-9E93-6D554AB13701}.Debug|x64.ActiveCfg = Debug|Any CPU
		{979F9F80-12FE-4236-9E93-6D554AB13701}.Debug|x64.Build.0 = Debug|Any CPU
		{979F9F80-12FE-4236-9E93-6D554AB13701}.Debug|x86.ActiveCfg = Debug|Any CPU
		{979F9F80-12FE-4236-9E93-6D554AB13701}.Debug|x86.Build.0 = Debug|Any CPU
		{979F9F80-12FE-4236-9E93-6D554AB13701}.Release|Any CPU.ActiveCfg = Release|Any CPU
		{979F9F80-12FE-4236-9E93-6D554AB13701}.Release|Any CPU.Build.0 = Release|Any CPU
		{979F9F80-12FE-4236-9E93-6D554AB13701}.Release|ARM.ActiveCfg = Release|Any CPU
		{979F9F80-12FE-4236-9E93-6D554AB13701}.Release|ARM.Build.0 = Release|Any CPU
		{979F9F80-12FE-4236-9E93-6D554AB13701}.Release|x64.ActiveCfg = Release|Any CPU
		{979F9F80-12FE-4236-9E93-6D554AB13701}.Release|x64.Build.0 = Release|Any CPU
		{979F9F80-12FE-4236-9E93-6D554AB13701}.Release|x86.ActiveCfg = Release|Any CPU
		{979F9F80-12FE-4236-9E93-6D554AB13701}.Release|x86.Build.0 = Release|Any CPU
	EndGlobalSection
	GlobalSection(SolutionProperties) = preSolution
		HideSolutionNode = FALSE
	EndGlobalSection
	GlobalSection(ExtensibilityGlobals) = postSolution
		SolutionGuid = {6D6A6927-89D3-42DF-A416-294A841822A9}
	EndGlobalSection
	GlobalSection(MonoDevelopProperties) = preSolution
		StartupItem = mdoc.csproj
	EndGlobalSection
EndGlobal
