Microsoft Visual Studio Solution File, Format Version 12.00
# Visual Studio 15
VisualStudioVersion = 15.0.27130.2020
MinimumVisualStudioVersion = 10.0.40219.1
Project("{FAE04EC0-301F-11D3-BF4B-00C04F79EFBC}") = "mdoc", "src\mdoc\mdoc.csproj", "{7DA7CD97-614F-4BCD-A2FA-B379590CEA48}"
EndProject
Project("{FAE04EC0-301F-11D3-BF4B-00C04F79EFBC}") = "monodoc", "src\monodoc\monodoc.csproj", "{6E644802-B579-4037-9809-9CF4C7172C9D}"
EndProject
Project("{FAE04EC0-301F-11D3-BF4B-00C04F79EFBC}") = "monodoc.Test", "tests\monodoc.Test\monodoc.Test.csproj", "{1EE70E2C-A289-4C36-AD0A-3D0C6CE56615}"
EndProject
Project("{FAE04EC0-301F-11D3-BF4B-00C04F79EFBC}") = "mdoc.Test", "tests\mdoc.Test\mdoc.Test.csproj", "{5ADDEFB6-930C-46BC-8B2B-FDE5C7E3B5AD}"
EndProject
Project("{F2A71F9B-5D33-465A-A702-920D77279786}") = "mdoc.Test.FSharp", "tests\mdoc.Test.FSharp\mdoc.Test.FSharp.fsproj", "{979F9F80-12FE-4236-9E93-6D554AB13701}"
EndProject
Global
	GlobalSection(SolutionConfigurationPlatforms) = preSolution
		Debug|Any CPU = Debug|Any CPU
		Release|Any CPU = Release|Any CPU
	EndGlobalSection
	GlobalSection(ProjectConfigurationPlatforms) = postSolution
		{7DA7CD97-614F-4BCD-A2FA-B379590CEA48}.Debug|Any CPU.ActiveCfg = Debug|Any CPU
		{7DA7CD97-614F-4BCD-A2FA-B379590CEA48}.Debug|Any CPU.Build.0 = Debug|Any CPU
		{7DA7CD97-614F-4BCD-A2FA-B379590CEA48}.Release|Any CPU.ActiveCfg = Release|Any CPU
		{7DA7CD97-614F-4BCD-A2FA-B379590CEA48}.Release|Any CPU.Build.0 = Release|Any CPU
		{6E644802-B579-4037-9809-9CF4C7172C9D}.Debug|Any CPU.ActiveCfg = Debug|Any CPU
		{6E644802-B579-4037-9809-9CF4C7172C9D}.Debug|Any CPU.Build.0 = Debug|Any CPU
		{6E644802-B579-4037-9809-9CF4C7172C9D}.Release|Any CPU.ActiveCfg = Release|Any CPU
		{6E644802-B579-4037-9809-9CF4C7172C9D}.Release|Any CPU.Build.0 = Release|Any CPU
		{1EE70E2C-A289-4C36-AD0A-3D0C6CE56615}.Debug|Any CPU.ActiveCfg = Debug|Any CPU
		{1EE70E2C-A289-4C36-AD0A-3D0C6CE56615}.Debug|Any CPU.Build.0 = Debug|Any CPU
		{1EE70E2C-A289-4C36-AD0A-3D0C6CE56615}.Release|Any CPU.ActiveCfg = Release|Any CPU
		{1EE70E2C-A289-4C36-AD0A-3D0C6CE56615}.Release|Any CPU.Build.0 = Release|Any CPU
		{5ADDEFB6-930C-46BC-8B2B-FDE5C7E3B5AD}.Debug|Any CPU.ActiveCfg = Debug|Any CPU
		{5ADDEFB6-930C-46BC-8B2B-FDE5C7E3B5AD}.Debug|Any CPU.Build.0 = Debug|Any CPU
		{5ADDEFB6-930C-46BC-8B2B-FDE5C7E3B5AD}.Release|Any CPU.ActiveCfg = Release|Any CPU
		{5ADDEFB6-930C-46BC-8B2B-FDE5C7E3B5AD}.Release|Any CPU.Build.0 = Release|Any CPU
		{979F9F80-12FE-4236-9E93-6D554AB13701}.Debug|Any CPU.ActiveCfg = Debug|Any CPU
		{979F9F80-12FE-4236-9E93-6D554AB13701}.Debug|Any CPU.Build.0 = Debug|Any CPU
		{979F9F80-12FE-4236-9E93-6D554AB13701}.Release|Any CPU.ActiveCfg = Release|Any CPU
		{979F9F80-12FE-4236-9E93-6D554AB13701}.Release|Any CPU.Build.0 = Release|Any CPU
	EndGlobalSection
	GlobalSection(SolutionProperties) = preSolution
		HideSolutionNode = FALSE
	EndGlobalSection
	GlobalSection(ExtensibilityGlobals) = postSolution
		SolutionGuid = {6D6A6927-89D3-42DF-A416-294A841822A9}
	EndGlobalSection
	GlobalSection(MonoDevelopProperties) = preSolution
		StartupItem = mdoc.csproj
	EndGlobalSection
EndGlobal
