
Microsoft Visual Studio Solution File, Format Version 12.00
# Visual Studio Version 16
VisualStudioVersion = 16.0.30804.86
MinimumVisualStudioVersion = 10.0.40219.1
Project("{FAE04EC0-301F-11D3-BF4B-00C04F79EFBC}") = "mdoc.Test.NullableReferenceTypes", "mdoc.Test.NullableReferenceTypes\mdoc.Test.NullableReferenceTypes.csproj", "{3B5783A4-56B2-459D-9373-2B1DB96E6F39}"
EndProject
Global
	GlobalSection(SolutionConfigurationPlatforms) = preSolution
		Debug|Any CPU = Debug|Any CPU
		Release|Any CPU = Release|Any CPU
	EndGlobalSection
	GlobalSection(ProjectConfigurationPlatforms) = postSolution
		{3B5783A4-56B2-459D-9373-2B1DB96E6F39}.Debug|Any CPU.ActiveCfg = Debug|Any CPU
		{3B5783A4-56B2-459D-9373-2B1DB96E6F39}.Debug|Any CPU.Build.0 = Debug|Any CPU
		{3B5783A4-56B2-459D-9373-2B1DB96E6F39}.Release|Any CPU.ActiveCfg = Release|Any CPU
		{3B5783A4-56B2-459D-9373-2B1DB96E6F39}.Release|Any CPU.Build.0 = Release|Any CPU
	EndGlobalSection
	GlobalSection(SolutionProperties) = preSolution
		HideSolutionNode = FALSE
	EndGlobalSection
	GlobalSection(ExtensibilityGlobals) = postSolution
		SolutionGuid = {B66A9CE2-DDBF-46C0-A8E5-0C47FEBE5C7E}
	EndGlobalSection
EndGlobal
